
Microsoft Visual Studio Solution File, Format Version 12.00
# Visual Studio Version 17
Project("{8BC9CEB8-8B4A-11D0-8D11-00A0C91BC942}") = "ALL_BUILD", "ALL_BUILD.vcxproj", "{D21A0E39-470D-3690-87AD-21B8C8DA2566}"
	ProjectSection(ProjectDependencies) = postProject
		{78252731-9FBB-3167-A90B-0EABDB816E52} = {78252731-9FBB-3167-A90B-0EABDB816E52}
		{C2659D00-E488-3199-889F-142511B7F3DC} = {C2659D00-E488-3199-889F-142511B7F3DC}
		{4450D6BC-AB26-3F96-8B49-059A238029EA} = {4450D6BC-AB26-3F96-8B49-059A238029EA}
	EndProjectSection
EndProject
Project("{8BC9CEB8-8B4A-11D0-8D11-00A0C91BC942}") = "ZERO_CHECK", "ZERO_CHECK.vcxproj", "{78252731-9FBB-3167-A90B-0EABDB816E52}"
	ProjectSection(ProjectDependencies) = postProject
	EndProjectSection
EndProject
Project("{8BC9CEB8-8B4A-11D0-8D11-00A0C91BC942}") = "client", "client.vcxproj", "{C2659D00-E488-3199-889F-142511B7F3DC}"
	ProjectSection(ProjectDependencies) = postProject
		{78252731-9FBB-3167-A90B-0EABDB816E52} = {78252731-9FBB-3167-A90B-0EABDB816E52}
	EndProjectSection
EndProject
Project("{8BC9CEB8-8B4A-11D0-8D11-00A0C91BC942}") = "server", "server.vcxproj", "{4450D6BC-AB26-3F96-8B49-059A238029EA}"
	ProjectSection(ProjectDependencies) = postProject
		{78252731-9FBB-3167-A90B-0EABDB816E52} = {78252731-9FBB-3167-A90B-0EABDB816E52}
	EndProjectSection
EndProject
Global
	GlobalSection(SolutionConfigurationPlatforms) = preSolution
		Debug|x64 = Debug|x64
		Release|x64 = Release|x64
		MinSizeRel|x64 = MinSizeRel|x64
		RelWithDebInfo|x64 = RelWithDebInfo|x64
	EndGlobalSection
	GlobalSection(ProjectConfigurationPlatforms) = postSolution
		{D21A0E39-470D-3690-87AD-21B8C8DA2566}.Debug|x64.ActiveCfg = Debug|x64
		{D21A0E39-470D-3690-87AD-21B8C8DA2566}.Release|x64.ActiveCfg = Release|x64
		{D21A0E39-470D-3690-87AD-21B8C8DA2566}.MinSizeRel|x64.ActiveCfg = MinSizeRel|x64
		{D21A0E39-470D-3690-87AD-21B8C8DA2566}.RelWithDebInfo|x64.ActiveCfg = RelWithDebInfo|x64
		{78252731-9FBB-3167-A90B-0EABDB816E52}.Debug|x64.ActiveCfg = Debug|x64
		{78252731-9FBB-3167-A90B-0EABDB816E52}.Debug|x64.Build.0 = Debug|x64
		{78252731-9FBB-3167-A90B-0EABDB816E52}.Release|x64.ActiveCfg = Release|x64
		{78252731-9FBB-3167-A90B-0EABDB816E52}.Release|x64.Build.0 = Release|x64
		{78252731-9FBB-3167-A90B-0EABDB816E52}.MinSizeRel|x64.ActiveCfg = MinSizeRel|x64
		{78252731-9FBB-3167-A90B-0EABDB816E52}.MinSizeRel|x64.Build.0 = MinSizeRel|x64
		{78252731-9FBB-3167-A90B-0EABDB816E52}.RelWithDebInfo|x64.ActiveCfg = RelWithDebInfo|x64
		{78252731-9FBB-3167-A90B-0EABDB816E52}.RelWithDebInfo|x64.Build.0 = RelWithDebInfo|x64
		{C2659D00-E488-3199-889F-142511B7F3DC}.Debug|x64.ActiveCfg = Debug|x64
		{C2659D00-E488-3199-889F-142511B7F3DC}.Debug|x64.Build.0 = Debug|x64
		{C2659D00-E488-3199-889F-142511B7F3DC}.Release|x64.ActiveCfg = Release|x64
		{C2659D00-E488-3199-889F-142511B7F3DC}.Release|x64.Build.0 = Release|x64
		{C2659D00-E488-3199-889F-142511B7F3DC}.MinSizeRel|x64.ActiveCfg = MinSizeRel|x64
		{C2659D00-E488-3199-889F-142511B7F3DC}.MinSizeRel|x64.Build.0 = MinSizeRel|x64
		{C2659D00-E488-3199-889F-142511B7F3DC}.RelWithDebInfo|x64.ActiveCfg = RelWithDebInfo|x64
		{C2659D00-E488-3199-889F-142511B7F3DC}.RelWithDebInfo|x64.Build.0 = RelWithDebInfo|x64
		{4450D6BC-AB26-3F96-8B49-059A238029EA}.Debug|x64.ActiveCfg = Debug|x64
		{4450D6BC-AB26-3F96-8B49-059A238029EA}.Debug|x64.Build.0 = Debug|x64
		{4450D6BC-AB26-3F96-8B49-059A238029EA}.Release|x64.ActiveCfg = Release|x64
		{4450D6BC-AB26-3F96-8B49-059A238029EA}.Release|x64.Build.0 = Release|x64
		{4450D6BC-AB26-3F96-8B49-059A238029EA}.MinSizeRel|x64.ActiveCfg = MinSizeRel|x64
		{4450D6BC-AB26-3F96-8B49-059A238029EA}.MinSizeRel|x64.Build.0 = MinSizeRel|x64
		{4450D6BC-AB26-3F96-8B49-059A238029EA}.RelWithDebInfo|x64.ActiveCfg = RelWithDebInfo|x64
		{4450D6BC-AB26-3F96-8B49-059A238029EA}.RelWithDebInfo|x64.Build.0 = RelWithDebInfo|x64
	EndGlobalSection
	GlobalSection(ExtensibilityGlobals) = postSolution
		SolutionGuid = {D25E7389-2E54-31AD-BBE8-BDEEF63EAB92}
	EndGlobalSection
	GlobalSection(ExtensibilityAddIns) = postSolution
	EndGlobalSection
EndGlobal
